
Microsoft Visual Studio Solution File, Format Version 12.00
# Visual Studio 15
VisualStudioVersion = 15.0.27703.2035
MinimumVisualStudioVersion = 10.0.40219.1
Project("{FAE04EC0-301F-11D3-BF4B-00C04F79EFBC}") = "AcademyKuumaLinjaXOXO", "AcademyKuumaLinjaXOXO\AcademyKuumaLinjaXOXO.csproj", "{785AE508-DB05-4042-A7B0-04BE1B90797D}"
EndProject
Global
	GlobalSection(SolutionConfigurationPlatforms) = preSolution
		Debug|Any CPU = Debug|Any CPU
		Release|Any CPU = Release|Any CPU
	EndGlobalSection
	GlobalSection(ProjectConfigurationPlatforms) = postSolution
		{785AE508-DB05-4042-A7B0-04BE1B90797D}.Debug|Any CPU.ActiveCfg = Debug|Any CPU
		{785AE508-DB05-4042-A7B0-04BE1B90797D}.Debug|Any CPU.Build.0 = Debug|Any CPU
		{785AE508-DB05-4042-A7B0-04BE1B90797D}.Release|Any CPU.ActiveCfg = Release|Any CPU
		{785AE508-DB05-4042-A7B0-04BE1B90797D}.Release|Any CPU.Build.0 = Release|Any CPU
	EndGlobalSection
	GlobalSection(SolutionProperties) = preSolution
		HideSolutionNode = FALSE
	EndGlobalSection
	GlobalSection(ExtensibilityGlobals) = postSolution
		SolutionGuid = {79D439E2-0768-4676-83E5-DA2E6AB11080}
	EndGlobalSection
EndGlobal
